// !$*UTF8*$!
{
	archiveVersion = 1;
	classes = {
	};
	objectVersion = 46;
	objects = {

/* Begin PBXBuildFile section */
		146AA58517C885B7006F6CA5 /* UIKit.framework in Frameworks */ = {isa = PBXBuildFile; fileRef = 146AA58417C885B7006F6CA5 /* UIKit.framework */; };
		146AA58717C885B7006F6CA5 /* Foundation.framework in Frameworks */ = {isa = PBXBuildFile; fileRef = 146AA58617C885B7006F6CA5 /* Foundation.framework */; };
		146AA58917C885B7006F6CA5 /* CoreGraphics.framework in Frameworks */ = {isa = PBXBuildFile; fileRef = 146AA58817C885B7006F6CA5 /* CoreGraphics.framework */; };
		146AA58F17C885B7006F6CA5 /* InfoPlist.strings in Resources */ = {isa = PBXBuildFile; fileRef = 146AA58D17C885B7006F6CA5 /* InfoPlist.strings */; };
		146AA59117C885B7006F6CA5 /* main.m in Sources */ = {isa = PBXBuildFile; fileRef = 146AA59017C885B7006F6CA5 /* main.m */; };
		146AA59517C885B7006F6CA5 /* DPAppDelegate.m in Sources */ = {isa = PBXBuildFile; fileRef = 146AA59417C885B7006F6CA5 /* DPAppDelegate.m */; };
		146AA59717C885B7006F6CA5 /* Default.png in Resources */ = {isa = PBXBuildFile; fileRef = 146AA59617C885B7006F6CA5 /* Default.png */; };
		146AA59917C885B7006F6CA5 /* Default@2x.png in Resources */ = {isa = PBXBuildFile; fileRef = 146AA59817C885B7006F6CA5 /* Default@2x.png */; };
		146AA59B17C885B7006F6CA5 /* Default-568h@2x.png in Resources */ = {isa = PBXBuildFile; fileRef = 146AA59A17C885B7006F6CA5 /* Default-568h@2x.png */; };
/* End PBXBuildFile section */

/* Begin PBXFileReference section */
		146AA58117C885B7006F6CA5 /* Pet Finder.app */ = {isa = PBXFileReference; explicitFileType = wrapper.application; includeInIndex = 0; path = "Pet Finder.app"; sourceTree = BUILT_PRODUCTS_DIR; };
		146AA58417C885B7006F6CA5 /* UIKit.framework */ = {isa = PBXFileReference; lastKnownFileType = wrapper.framework; name = UIKit.framework; path = System/Library/Frameworks/UIKit.framework; sourceTree = SDKROOT; };
		146AA58617C885B7006F6CA5 /* Foundation.framework */ = {isa = PBXFileReference; lastKnownFileType = wrapper.framework; name = Foundation.framework; path = System/Library/Frameworks/Foundation.framework; sourceTree = SDKROOT; };
		146AA58817C885B7006F6CA5 /* CoreGraphics.framework */ = {isa = PBXFileReference; lastKnownFileType = wrapper.framework; name = CoreGraphics.framework; path = System/Library/Frameworks/CoreGraphics.framework; sourceTree = SDKROOT; };
		146AA58C17C885B7006F6CA5 /* Pet Finder-Info.plist */ = {isa = PBXFileReference; lastKnownFileType = text.plist.xml; path = "Pet Finder-Info.plist"; sourceTree = "<group>"; };
		146AA58E17C885B7006F6CA5 /* en */ = {isa = PBXFileReference; lastKnownFileType = text.plist.strings; name = en; path = en.lproj/InfoPlist.strings; sourceTree = "<group>"; };
		146AA59017C885B7006F6CA5 /* main.m */ = {isa = PBXFileReference; lastKnownFileType = sourcecode.c.objc; path = main.m; sourceTree = "<group>"; };
		146AA59217C885B7006F6CA5 /* Pet Finder-Prefix.pch */ = {isa = PBXFileReference; lastKnownFileType = sourcecode.c.h; path = "Pet Finder-Prefix.pch"; sourceTree = "<group>"; };
		146AA59317C885B7006F6CA5 /* DPAppDelegate.h */ = {isa = PBXFileReference; lastKnownFileType = sourcecode.c.h; path = DPAppDelegate.h; sourceTree = "<group>"; };
		146AA59417C885B7006F6CA5 /* DPAppDelegate.m */ = {isa = PBXFileReference; lastKnownFileType = sourcecode.c.objc; path = DPAppDelegate.m; sourceTree = "<group>"; };
		146AA59617C885B7006F6CA5 /* Default.png */ = {isa = PBXFileReference; lastKnownFileType = image.png; path = Default.png; sourceTree = "<group>"; };
		146AA59817C885B7006F6CA5 /* Default@2x.png */ = {isa = PBXFileReference; lastKnownFileType = image.png; path = "Default@2x.png"; sourceTree = "<group>"; };
		146AA59A17C885B7006F6CA5 /* Default-568h@2x.png */ = {isa = PBXFileReference; lastKnownFileType = image.png; path = "Default-568h@2x.png"; sourceTree = "<group>"; };
/* End PBXFileReference section */

/* Begin PBXFrameworksBuildPhase section */
		146AA57E17C885B7006F6CA5 /* Frameworks */ = {
			isa = PBXFrameworksBuildPhase;
			buildActionMask = 2147483647;
			files = (
				146AA58517C885B7006F6CA5 /* UIKit.framework in Frameworks */,
				146AA58717C885B7006F6CA5 /* Foundation.framework in Frameworks */,
				146AA58917C885B7006F6CA5 /* CoreGraphics.framework in Frameworks */,
			);
			runOnlyForDeploymentPostprocessing = 0;
		};
/* End PBXFrameworksBuildPhase section */

/* Begin PBXGroup section */
		146AA57817C885B6006F6CA5 = {
			isa = PBXGroup;
			children = (
				146AA58A17C885B7006F6CA5 /* Pet Finder */,
				146AA58317C885B7006F6CA5 /* Frameworks */,
				146AA58217C885B7006F6CA5 /* Products */,
			);
			sourceTree = "<group>";
		};
		146AA58217C885B7006F6CA5 /* Products */ = {
			isa = PBXGroup;
			children = (
				146AA58117C885B7006F6CA5 /* Pet Finder.app */,
			);
			name = Products;
			sourceTree = "<group>";
		};
		146AA58317C885B7006F6CA5 /* Frameworks */ = {
			isa = PBXGroup;
			children = (
				146AA58417C885B7006F6CA5 /* UIKit.framework */,
				146AA58617C885B7006F6CA5 /* Foundation.framework */,
				146AA58817C885B7006F6CA5 /* CoreGraphics.framework */,
			);
			name = Frameworks;
			sourceTree = "<group>";
		};
		146AA58A17C885B7006F6CA5 /* Pet Finder */ = {
			isa = PBXGroup;
			children = (
				146AA59317C885B7006F6CA5 /* DPAppDelegate.h */,
				146AA59417C885B7006F6CA5 /* DPAppDelegate.m */,
				146AA58B17C885B7006F6CA5 /* Supporting Files */,
			);
			path = "Pet Finder";
			sourceTree = "<group>";
		};
		146AA58B17C885B7006F6CA5 /* Supporting Files */ = {
			isa = PBXGroup;
			children = (
				146AA58C17C885B7006F6CA5 /* Pet Finder-Info.plist */,
				146AA58D17C885B7006F6CA5 /* InfoPlist.strings */,
				146AA59017C885B7006F6CA5 /* main.m */,
				146AA59217C885B7006F6CA5 /* Pet Finder-Prefix.pch */,
				146AA59617C885B7006F6CA5 /* Default.png */,
				146AA59817C885B7006F6CA5 /* Default@2x.png */,
				146AA59A17C885B7006F6CA5 /* Default-568h@2x.png */,
			);
			name = "Supporting Files";
			sourceTree = "<group>";
		};
/* End PBXGroup section */

/* Begin PBXNativeTarget section */
		146AA58017C885B7006F6CA5 /* Pet Finder */ = {
			isa = PBXNativeTarget;
			buildConfigurationList = 146AA59E17C885B7006F6CA5 /* Build configuration list for PBXNativeTarget "Pet Finder" */;
			buildPhases = (
				146AA57D17C885B7006F6CA5 /* Sources */,
				146AA57E17C885B7006F6CA5 /* Frameworks */,
				146AA57F17C885B7006F6CA5 /* Resources */,
			);
			buildRules = (
			);
			dependencies = (
			);
			name = "Pet Finder";
			productName = "Pet Finder";
			productReference = 146AA58117C885B7006F6CA5 /* Pet Finder.app */;
			productType = "com.apple.product-type.application";
		};
/* End PBXNativeTarget section */

/* Begin PBXProject section */
		146AA57917C885B6006F6CA5 /* Project object */ = {
			isa = PBXProject;
			attributes = {
				CLASSPREFIX = DP;
				LastUpgradeCheck = 0460;
				ORGANIZATIONNAME = "David Pan";
			};
			buildConfigurationList = 146AA57C17C885B6006F6CA5 /* Build configuration list for PBXProject "Pet Finder" */;
			compatibilityVersion = "Xcode 3.2";
			developmentRegion = English;
			hasScannedForEncodings = 0;
			knownRegions = (
				en,
			);
			mainGroup = 146AA57817C885B6006F6CA5;
			productRefGroup = 146AA58217C885B7006F6CA5 /* Products */;
			projectDirPath = "";
			projectRoot = "";
			targets = (
				146AA58017C885B7006F6CA5 /* Pet Finder */,
			);
		};
/* End PBXProject section */

/* Begin PBXResourcesBuildPhase section */
		146AA57F17C885B7006F6CA5 /* Resources */ = {
			isa = PBXResourcesBuildPhase;
			buildActionMask = 2147483647;
			files = (
				146AA58F17C885B7006F6CA5 /* InfoPlist.strings in Resources */,
				146AA59717C885B7006F6CA5 /* Default.png in Resources */,
				146AA59917C885B7006F6CA5 /* Default@2x.png in Resources */,
				146AA59B17C885B7006F6CA5 /* Default-568h@2x.png in Resources */,
			);
			runOnlyForDeploymentPostprocessing = 0;
		};
/* End PBXResourcesBuildPhase section */

/* Begin PBXSourcesBuildPhase section */
		146AA57D17C885B7006F6CA5 /* Sources */ = {
			isa = PBXSourcesBuildPhase;
			buildActionMask = 2147483647;
			files = (
				146AA59117C885B7006F6CA5 /* main.m in Sources */,
				146AA59517C885B7006F6CA5 /* DPAppDelegate.m in Sources */,
			);
			runOnlyForDeploymentPostprocessing = 0;
		};
/* End PBXSourcesBuildPhase section */

/* Begin PBXVariantGroup section */
		146AA58D17C885B7006F6CA5 /* InfoPlist.strings */ = {
			isa = PBXVariantGroup;
			children = (
				146AA58E17C885B7006F6CA5 /* en */,
			);
			name = InfoPlist.strings;
			sourceTree = "<group>";
		};
/* End PBXVariantGroup section */

/* Begin XCBuildConfiguration section */
		146AA59C17C885B7006F6CA5 /* Debug */ = {
			isa = XCBuildConfiguration;
			buildSettings = {
				ALWAYS_SEARCH_USER_PATHS = NO;
				CLANG_CXX_LANGUAGE_STANDARD = "gnu++0x";
				CLANG_CXX_LIBRARY = "libc++";
				CLANG_ENABLE_OBJC_ARC = YES;
				CLANG_WARN_CONSTANT_CONVERSION = YES;
				CLANG_WARN_EMPTY_BODY = YES;
				CLANG_WARN_ENUM_CONVERSION = YES;
				CLANG_WARN_INT_CONVERSION = YES;
				CLANG_WARN__DUPLICATE_METHOD_MATCH = YES;
				"CODE_SIGN_IDENTITY[sdk=iphoneos*]" = "iPhone Developer";
				COPY_PHASE_STRIP = NO;
				GCC_C_LANGUAGE_STANDARD = gnu99;
				GCC_DYNAMIC_NO_PIC = NO;
				GCC_OPTIMIZATION_LEVEL = 0;
				GCC_PREPROCESSOR_DEFINITIONS = (
					"DEBUG=1",
					"$(inherited)",
				);
				GCC_SYMBOLS_PRIVATE_EXTERN = NO;
				GCC_WARN_ABOUT_RETURN_TYPE = YES;
				GCC_WARN_UNINITIALIZED_AUTOS = YES;
				GCC_WARN_UNUSED_VARIABLE = YES;
				IPHONEOS_DEPLOYMENT_TARGET = 6.1;
				ONLY_ACTIVE_ARCH = YES;
				SDKROOT = iphoneos;
			};
			name = Debug;
		};
		146AA59D17C885B7006F6CA5 /* Release */ = {
			isa = XCBuildConfiguration;
			buildSettings = {
				ALWAYS_SEARCH_USER_PATHS = NO;
				CLANG_CXX_LANGUAGE_STANDARD = "gnu++0x";
				CLANG_CXX_LIBRARY = "libc++";
				CLANG_ENABLE_OBJC_ARC = YES;
				CLANG_WARN_CONSTANT_CONVERSION = YES;
				CLANG_WARN_EMPTY_BODY = YES;
				CLANG_WARN_ENUM_CONVERSION = YES;
				CLANG_WARN_INT_CONVERSION = YES;
				CLANG_WARN__DUPLICATE_METHOD_MATCH = YES;
				"CODE_SIGN_IDENTITY[sdk=iphoneos*]" = "iPhone Developer";
				COPY_PHASE_STRIP = YES;
				GCC_C_LANGUAGE_STANDARD = gnu99;
				GCC_WARN_ABOUT_RETURN_TYPE = YES;
				GCC_WARN_UNINITIALIZED_AUTOS = YES;
				GCC_WARN_UNUSED_VARIABLE = YES;
				IPHONEOS_DEPLOYMENT_TARGET = 6.1;
				OTHER_CFLAGS = "-DNS_BLOCK_ASSERTIONS=1";
				SDKROOT = iphoneos;
				VALIDATE_PRODUCT = YES;
			};
			name = Release;
		};
		146AA59F17C885B7006F6CA5 /* Debug */ = {
			isa = XCBuildConfiguration;
			buildSettings = {
				GCC_PRECOMPILE_PREFIX_HEADER = YES;
				GCC_PREFIX_HEADER = "Pet Finder/Pet Finder-Prefix.pch";
				INFOPLIST_FILE = "Pet Finder/Pet Finder-Info.plist";
				PRODUCT_NAME = "$(TARGET_NAME)";
				WRAPPER_EXTENSION = app;
			};
			name = Debug;
		};
		146AA5A017C885B7006F6CA5 /* Release */ = {
			isa = XCBuildConfiguration;
			buildSettings = {
				GCC_PRECOMPILE_PREFIX_HEADER = YES;
				GCC_PREFIX_HEADER = "Pet Finder/Pet Finder-Prefix.pch";
				INFOPLIST_FILE = "Pet Finder/Pet Finder-Info.plist";
				PRODUCT_NAME = "$(TARGET_NAME)";
				WRAPPER_EXTENSION = app;
			};
			name = Release;
		};
/* End XCBuildConfiguration section */

/* Begin XCConfigurationList section */
		146AA57C17C885B6006F6CA5 /* Build configuration list for PBXProject "Pet Finder" */ = {
			isa = XCConfigurationList;
			buildConfigurations = (
				146AA59C17C885B7006F6CA5 /* Debug */,
				146AA59D17C885B7006F6CA5 /* Release */,
			);
			defaultConfigurationIsVisible = 0;
			defaultConfigurationName = Release;
		};
		146AA59E17C885B7006F6CA5 /* Build configuration list for PBXNativeTarget "Pet Finder" */ = {
			isa = XCConfigurationList;
			buildConfigurations = (
				146AA59F17C885B7006F6CA5 /* Debug */,
				146AA5A017C885B7006F6CA5 /* Release */,
			);
			defaultConfigurationIsVisible = 0;
		};
/* End XCConfigurationList section */
	};
	rootObject = 146AA57917C885B6006F6CA5 /* Project object */;
}
